{
  "version": 4,
  "terraform_version": "1.11.2",
  "serial": 35,
  "lineage": "195dc15d-d9af-fb45-08c4-ddd01bf2ac39",
  "outputs": {},
  "resources": [
    {
      "mode": "data",
      "type": "azurerm_key_vault",
      "name": "main",
      "provider": "provider[\"registry.terraform.io/hashicorp/azurerm\"]",
      "instances": [
        {
          "schema_version": 0,
          "attributes": {
            "access_policy": [
              {
                "application_id": "",
                "certificate_permissions": [
                  "Get",
                  "List",
                  "Update",
                  "Create",
                  "Import",
                  "Delete",
                  "Recover",
                  "Backup",
                  "Restore",
                  "ManageContacts",
                  "ManageIssuers",
                  "GetIssuers",
                  "ListIssuers",
                  "SetIssuers",
                  "DeleteIssuers"
                ],
                "key_permissions": [
                  "Get",
                  "List",
                  "Update",
                  "Create",
                  "Import",
                  "Delete",
                  "Recover",
                  "Backup",
                  "Restore",
                  "GetRotationPolicy",
                  "SetRotationPolicy",
                  "Rotate"
                ],
                "object_id": "57ebc93c-7b08-4229-baba-76691647b4ec",
                "secret_permissions": [
                  "Get",
                  "List",
                  "Set",
                  "Delete",
                  "Recover",
                  "Backup",
                  "Restore"
                ],
                "storage_permissions": [],
                "tenant_id": "8d768217-7ee4-4314-802d-3d66f76194db"
              }
            ],
            "enable_rbac_authorization": false,
            "enabled_for_deployment": false,
            "enabled_for_disk_encryption": false,
            "enabled_for_template_deployment": false,
            "id": "/subscriptions/58048bb8-7fbe-431d-b28e-d5bca207fbdf/resourceGroups/Key/providers/Microsoft.KeyVault/vaults/kv-environtest3",
            "location": "canadacentral",
            "name": "kv-environtest3",
            "network_acls": [
              {
                "bypass": "None",
                "default_action": "Allow",
                "ip_rules": [],
                "virtual_network_subnet_ids": []
              }
            ],
            "public_network_access_enabled": true,
            "purge_protection_enabled": false,
            "resource_group_name": "Key",
            "sku_name": "standard",
            "tags": {},
            "tenant_id": "8d768217-7ee4-4314-802d-3d66f76194db",
            "timeouts": null,
            "vault_uri": "https://kv-environtest3.vault.azure.net/"
          },
          "sensitive_attributes": []
        }
      ]
    },
    {
      "mode": "data",
      "type": "azurerm_key_vault_secret",
      "name": "sql_password",
      "provider": "provider[\"registry.terraform.io/hashicorp/azurerm\"]",
      "instances": [
        {
          "schema_version": 0,
          "attributes": {
            "content_type": "",
            "expiration_date": null,
            "id": "https://kv-environtest3.vault.azure.net/secrets/sqladmin-password/6aec60ed99834f848abd396d57cb7b3f",
            "key_vault_id": "/subscriptions/58048bb8-7fbe-431d-b28e-d5bca207fbdf/resourceGroups/Key/providers/Microsoft.KeyVault/vaults/kv-environtest3",
            "name": "sqladmin-password",
            "not_before_date": null,
            "resource_id": "/subscriptions/58048bb8-7fbe-431d-b28e-d5bca207fbdf/resourceGroups/Key/providers/Microsoft.KeyVault/vaults/kv-environtest3/secrets/sqladmin-password/versions/6aec60ed99834f848abd396d57cb7b3f",
            "resource_versionless_id": "/subscriptions/58048bb8-7fbe-431d-b28e-d5bca207fbdf/resourceGroups/Key/providers/Microsoft.KeyVault/vaults/kv-environtest3/secrets/sqladmin-password",
            "tags": {
              "file-encoding": "utf-8"
            },
            "timeouts": null,
            "value": "P@ssword1234",
            "version": "6aec60ed99834f848abd396d57cb7b3f",
            "versionless_id": "https://kv-environtest3.vault.azure.net/secrets/sqladmin-password"
          },
          "sensitive_attributes": [
            [
              {
                "type": "get_attr",
                "value": "value"
              }
            ]
          ]
        }
      ]
    },
    {
      "mode": "data",
      "type": "azurerm_key_vault_secret",
      "name": "vmcompute_password",
      "provider": "provider[\"registry.terraform.io/hashicorp/azurerm\"]",
      "instances": [
        {
          "schema_version": 0,
          "attributes": {
            "content_type": "",
            "expiration_date": null,
            "id": "https://kv-environtest3.vault.azure.net/secrets/vmcompute-password/d7e38ef8f7ea4a378cf427aba298866e",
            "key_vault_id": "/subscriptions/58048bb8-7fbe-431d-b28e-d5bca207fbdf/resourceGroups/Key/providers/Microsoft.KeyVault/vaults/kv-environtest3",
            "name": "vmcompute-password",
            "not_before_date": null,
            "resource_id": "/subscriptions/58048bb8-7fbe-431d-b28e-d5bca207fbdf/resourceGroups/Key/providers/Microsoft.KeyVault/vaults/kv-environtest3/secrets/vmcompute-password/versions/d7e38ef8f7ea4a378cf427aba298866e",
            "resource_versionless_id": "/subscriptions/58048bb8-7fbe-431d-b28e-d5bca207fbdf/resourceGroups/Key/providers/Microsoft.KeyVault/vaults/kv-environtest3/secrets/vmcompute-password",
            "tags": {
              "file-encoding": "utf-8"
            },
            "timeouts": null,
            "value": "P@sswordForVmCompute",
            "version": "d7e38ef8f7ea4a378cf427aba298866e",
            "versionless_id": "https://kv-environtest3.vault.azure.net/secrets/vmcompute-password"
          },
          "sensitive_attributes": [
            [
              {
                "type": "get_attr",
                "value": "value"
              }
            ]
          ]
        }
      ]
    },
    {
      "mode": "managed",
      "type": "azurerm_managed_disk",
      "name": "VmCompute_disk1",
      "provider": "provider[\"registry.terraform.io/hashicorp/azurerm\"]",
      "instances": [
        {
          "schema_version": 1,
          "attributes": {
            "create_option": "Empty",
            "disk_access_id": "",
            "disk_encryption_set_id": "",
            "disk_iops_read_only": 0,
            "disk_iops_read_write": 500,
            "disk_mbps_read_only": 0,
            "disk_mbps_read_write": 60,
            "disk_size_gb": 128,
            "edge_zone": "",
            "encryption_settings": [],
            "gallery_image_reference_id": "",
            "hyper_v_generation": "",
            "id": "/subscriptions/58048bb8-7fbe-431d-b28e-d5bca207fbdf/resourceGroups/EnvironTest/providers/Microsoft.Compute/disks/VmCompute-disk1",
            "image_reference_id": "",
            "location": "canadacentral",
            "logical_sector_size": null,
            "max_shares": 0,
            "name": "VmCompute-disk1",
            "network_access_policy": "AllowAll",
            "on_demand_bursting_enabled": false,
            "optimized_frequent_attach_enabled": false,
            "os_type": "",
            "performance_plus_enabled": false,
            "public_network_access_enabled": true,
            "resource_group_name": "EnvironTest",
            "secure_vm_disk_encryption_set_id": "",
            "security_type": "",
            "source_resource_id": "",
            "source_uri": "",
            "storage_account_id": "",
            "storage_account_type": "Standard_LRS",
            "tags": {},
            "tier": "",
            "timeouts": null,
            "trusted_launch_enabled": false,
            "upload_size_bytes": 0,
            "zone": ""
          },
          "sensitive_attributes": [],
          "private": "eyJlMmJmYjczMC1lY2FhLTExZTYtOGY4OC0zNDM2M2JjN2M0YzAiOnsiY3JlYXRlIjoxODAwMDAwMDAwMDAwLCJkZWxldGUiOjE4MDAwMDAwMDAwMDAsInJlYWQiOjMwMDAwMDAwMDAwMCwidXBkYXRlIjoxODAwMDAwMDAwMDAwfSwic2NoZW1hX3ZlcnNpb24iOiIxIn0="
        }
      ]
    },
    {
      "mode": "managed",
      "type": "azurerm_mssql_database",
      "name": "sql_db",
      "provider": "provider[\"registry.terraform.io/hashicorp/azurerm\"]",
      "instances": [
        {
          "schema_version": 1,
          "attributes": {
            "auto_pause_delay_in_minutes": 0,
            "collation": "SQL_Latin1_General_CP1_CI_AS",
            "create_mode": "Default",
            "creation_source_database_id": null,
            "elastic_pool_id": "",
            "enclave_type": "",
            "geo_backup_enabled": true,
            "id": "/subscriptions/58048bb8-7fbe-431d-b28e-d5bca207fbdf/resourceGroups/EnvironTest/providers/Microsoft.Sql/servers/sqlserverexample123bobby/databases/exampledb",
            "identity": [],
            "import": [],
            "ledger_enabled": false,
            "license_type": "",
            "long_term_retention_policy": [
              {
                "immutable_backups_enabled": false,
                "monthly_retention": "PT0S",
                "week_of_year": 1,
                "weekly_retention": "PT0S",
                "yearly_retention": "PT0S"
              }
            ],
            "maintenance_configuration_name": "SQL_Default",
            "max_size_gb": 5,
            "min_capacity": 0,
            "name": "exampledb",
            "read_replica_count": 0,
            "read_scale": false,
            "recover_database_id": null,
            "recovery_point_id": null,
            "restore_dropped_database_id": null,
            "restore_long_term_retention_backup_id": null,
            "restore_point_in_time": null,
            "sample_name": null,
            "secondary_type": "",
            "server_id": "/subscriptions/58048bb8-7fbe-431d-b28e-d5bca207fbdf/resourceGroups/EnvironTest/providers/Microsoft.Sql/servers/sqlserverexample123bobby",
            "short_term_retention_policy": [
              {
                "backup_interval_in_hours": 24,
                "retention_days": 7
              }
            ],
            "sku_name": "S0",
            "storage_account_type": "Geo",
            "tags": {},
            "threat_detection_policy": [
              {
                "disabled_alerts": [],
                "email_account_admins": "Disabled",
                "email_addresses": [],
                "retention_days": 0,
                "state": "Disabled",
                "storage_account_access_key": "",
                "storage_endpoint": ""
              }
            ],
            "timeouts": null,
            "transparent_data_encryption_enabled": true,
            "transparent_data_encryption_key_automatic_rotation_enabled": false,
            "transparent_data_encryption_key_vault_key_id": "",
            "zone_redundant": false
          },
          "sensitive_attributes": [
            [
              {
                "type": "get_attr",
                "value": "threat_detection_policy"
              },
              {
                "type": "index",
                "value": {
                  "value": 0,
                  "type": "number"
                }
              },
              {
                "type": "get_attr",
                "value": "storage_account_access_key"
              }
            ]
          ],
          "private": "eyJlMmJmYjczMC1lY2FhLTExZTYtOGY4OC0zNDM2M2JjN2M0YzAiOnsiY3JlYXRlIjozNjAwMDAwMDAwMDAwLCJkZWxldGUiOjM2MDAwMDAwMDAwMDAsInJlYWQiOjMwMDAwMDAwMDAwMCwidXBkYXRlIjozNjAwMDAwMDAwMDAwfSwic2NoZW1hX3ZlcnNpb24iOiIxIn0=",
          "dependencies": [
            "azurerm_mssql_server.sql_server",
            "data.azurerm_key_vault.main",
            "data.azurerm_key_vault_secret.sql_password"
          ]
        }
      ]
    },
    {
      "mode": "managed",
      "type": "azurerm_mssql_server",
      "name": "sql_server",
      "provider": "provider[\"registry.terraform.io/hashicorp/azurerm\"]",
      "instances": [
        {
          "schema_version": 0,
          "attributes": {
            "administrator_login": "sqladminuser",
            "administrator_login_password": "P@ssword1234",
            "administrator_login_password_wo": null,
            "administrator_login_password_wo_version": 0,
            "azuread_administrator": [],
            "connection_policy": "Default",
            "express_vulnerability_assessment_enabled": false,
            "fully_qualified_domain_name": "sqlserverexample123bobby.database.windows.net",
            "id": "/subscriptions/58048bb8-7fbe-431d-b28e-d5bca207fbdf/resourceGroups/EnvironTest/providers/Microsoft.Sql/servers/sqlserverexample123bobby",
            "identity": [],
            "location": "canadacentral",
            "minimum_tls_version": "1.2",
            "name": "sqlserverexample123bobby",
            "outbound_network_restriction_enabled": false,
            "primary_user_assigned_identity_id": "",
            "public_network_access_enabled": false,
            "resource_group_name": "EnvironTest",
            "restorable_dropped_database_ids": [],
            "tags": {},
            "timeouts": null,
            "transparent_data_encryption_key_vault_key_id": "",
            "version": "12.0"
          },
          "sensitive_attributes": [
            [
              {
                "type": "get_attr",
                "value": "administrator_login_password_wo"
              }
            ],
            [
              {
                "type": "get_attr",
                "value": "administrator_login_password"
              }
            ]
          ],
          "private": "eyJlMmJmYjczMC1lY2FhLTExZTYtOGY4OC0zNDM2M2JjN2M0YzAiOnsiY3JlYXRlIjozNjAwMDAwMDAwMDAwLCJkZWxldGUiOjM2MDAwMDAwMDAwMDAsInJlYWQiOjMwMDAwMDAwMDAwMCwidXBkYXRlIjozNjAwMDAwMDAwMDAwfX0=",
          "dependencies": [
            "data.azurerm_key_vault.main",
            "data.azurerm_key_vault_secret.sql_password"
          ]
        }
      ]
    },
    {
      "mode": "managed",
      "type": "azurerm_network_interface",
      "name": "vm_nic",
      "provider": "provider[\"registry.terraform.io/hashicorp/azurerm\"]",
      "instances": [
        {
          "schema_version": 0,
          "attributes": {
            "accelerated_networking_enabled": false,
            "applied_dns_servers": [],
            "auxiliary_mode": "",
            "auxiliary_sku": "",
            "dns_servers": null,
            "edge_zone": "",
            "id": "/subscriptions/58048bb8-7fbe-431d-b28e-d5bca207fbdf/resourceGroups/EnvironTest/providers/Microsoft.Network/networkInterfaces/nic-vm",
            "internal_dns_name_label": "",
            "internal_domain_name_suffix": "yhlhuxggzl3ufo0nbztepad0dg.ux.internal.cloudapp.net",
            "ip_configuration": [
              {
                "gateway_load_balancer_frontend_ip_configuration_id": "",
                "name": "ipconfig1",
                "primary": true,
                "private_ip_address": "10.0.1.5",
                "private_ip_address_allocation": "Dynamic",
                "private_ip_address_version": "IPv4",
                "public_ip_address_id": "/subscriptions/58048bb8-7fbe-431d-b28e-d5bca207fbdf/resourceGroups/EnvironTest/providers/Microsoft.Network/publicIPAddresses/public-ip-vm",
                "subnet_id": "/subscriptions/58048bb8-7fbe-431d-b28e-d5bca207fbdf/resourceGroups/EnvironTest/providers/Microsoft.Network/virtualNetworks/vnet-poc/subnets/subnet-vm"
              }
            ],
            "ip_forwarding_enabled": false,
            "location": "canadacentral",
            "mac_address": "",
            "name": "nic-vm",
            "private_ip_address": "10.0.1.5",
            "private_ip_addresses": [
              "10.0.1.5"
            ],
            "resource_group_name": "EnvironTest",
            "tags": null,
            "timeouts": null,
            "virtual_machine_id": ""
          },
          "sensitive_attributes": [],
          "private": "eyJlMmJmYjczMC1lY2FhLTExZTYtOGY4OC0zNDM2M2JjN2M0YzAiOnsiY3JlYXRlIjoxODAwMDAwMDAwMDAwLCJkZWxldGUiOjE4MDAwMDAwMDAwMDAsInJlYWQiOjMwMDAwMDAwMDAwMCwidXBkYXRlIjoxODAwMDAwMDAwMDAwfX0=",
          "dependencies": [
            "azurerm_public_ip.vm_ip",
            "azurerm_subnet.vm_subnet",
            "azurerm_virtual_network.Poc_vnet"
          ]
        }
      ]
    },
    {
      "mode": "managed",
      "type": "azurerm_network_interface",
      "name": "vmcompute969_z1",
      "provider": "provider[\"registry.terraform.io/hashicorp/azurerm\"]",
      "instances": [
        {
          "schema_version": 0,
          "attributes": {
            "accelerated_networking_enabled": false,
            "applied_dns_servers": [],
            "auxiliary_mode": "",
            "auxiliary_sku": "",
            "dns_servers": [],
            "edge_zone": "",
            "id": "/subscriptions/58048bb8-7fbe-431d-b28e-d5bca207fbdf/resourceGroups/EnvironTest/providers/Microsoft.Network/networkInterfaces/nic-vmcompute",
            "internal_dns_name_label": "",
            "internal_domain_name_suffix": "yhlhuxggzl3ufo0nbztepad0dg.ux.internal.cloudapp.net",
            "ip_configuration": [
              {
                "gateway_load_balancer_frontend_ip_configuration_id": "",
                "name": "ipconfig1",
                "primary": true,
                "private_ip_address": "10.0.1.4",
                "private_ip_address_allocation": "Dynamic",
                "private_ip_address_version": "IPv4",
                "public_ip_address_id": "",
                "subnet_id": "/subscriptions/58048bb8-7fbe-431d-b28e-d5bca207fbdf/resourceGroups/EnvironTest/providers/Microsoft.Network/virtualNetworks/vnet-poc/subnets/subnet-vm"
              }
            ],
            "ip_forwarding_enabled": false,
            "location": "canadacentral",
            "mac_address": "60-45-BD-5C-45-F0",
            "name": "nic-vmcompute",
            "private_ip_address": "10.0.1.4",
            "private_ip_addresses": [
              "10.0.1.4"
            ],
            "resource_group_name": "EnvironTest",
            "tags": {},
            "timeouts": null,
            "virtual_machine_id": "/subscriptions/58048bb8-7fbe-431d-b28e-d5bca207fbdf/resourceGroups/EnvironTest/providers/Microsoft.Compute/virtualMachines/VmCompute"
          },
          "sensitive_attributes": [],
          "private": "eyJlMmJmYjczMC1lY2FhLTExZTYtOGY4OC0zNDM2M2JjN2M0YzAiOnsiY3JlYXRlIjoxODAwMDAwMDAwMDAwLCJkZWxldGUiOjE4MDAwMDAwMDAwMDAsInJlYWQiOjMwMDAwMDAwMDAwMCwidXBkYXRlIjoxODAwMDAwMDAwMDAwfX0=",
          "dependencies": [
            "azurerm_subnet.vm_subnet",
            "azurerm_virtual_network.Poc_vnet"
          ]
        }
      ]
    },
    {
      "mode": "managed",
      "type": "azurerm_network_interface_security_group_association",
      "name": "vm_nic_nsg",
      "provider": "provider[\"registry.terraform.io/hashicorp/azurerm\"]",
      "instances": [
        {
          "schema_version": 0,
          "attributes": {
            "id": "/subscriptions/58048bb8-7fbe-431d-b28e-d5bca207fbdf/resourceGroups/EnvironTest/providers/Microsoft.Network/networkInterfaces/nic-vmcompute|/subscriptions/58048bb8-7fbe-431d-b28e-d5bca207fbdf/resourceGroups/EnvironTest/providers/Microsoft.Network/networkSecurityGroups/vmhead-nsg",
            "network_interface_id": "/subscriptions/58048bb8-7fbe-431d-b28e-d5bca207fbdf/resourceGroups/EnvironTest/providers/Microsoft.Network/networkInterfaces/nic-vmcompute",
            "network_security_group_id": "/subscriptions/58048bb8-7fbe-431d-b28e-d5bca207fbdf/resourceGroups/EnvironTest/providers/Microsoft.Network/networkSecurityGroups/vmhead-nsg",
            "timeouts": null
          },
          "sensitive_attributes": [],
          "private": "eyJlMmJmYjczMC1lY2FhLTExZTYtOGY4OC0zNDM2M2JjN2M0YzAiOnsiY3JlYXRlIjoxODAwMDAwMDAwMDAwLCJkZWxldGUiOjE4MDAwMDAwMDAwMDAsInJlYWQiOjMwMDAwMDAwMDAwMH19",
          "dependencies": [
            "azurerm_network_interface.vmcompute969_z1",
            "azurerm_network_security_group.VMhead_nsg",
            "azurerm_subnet.vm_subnet",
            "azurerm_virtual_network.Poc_vnet"
          ]
        }
      ]
    },
    {
      "mode": "managed",
      "type": "azurerm_network_security_group",
      "name": "VMhead_nsg",
      "provider": "provider[\"registry.terraform.io/hashicorp/azurerm\"]",
      "instances": [
        {
          "schema_version": 0,
          "attributes": {
            "id": "/subscriptions/58048bb8-7fbe-431d-b28e-d5bca207fbdf/resourceGroups/EnvironTest/providers/Microsoft.Network/networkSecurityGroups/vmhead-nsg",
            "location": "canadacentral",
            "name": "vmhead-nsg",
            "resource_group_name": "EnvironTest",
            "security_rule": [
              {
                "access": "Allow",
                "description": "",
                "destination_address_prefix": "*",
                "destination_address_prefixes": [],
                "destination_application_security_group_ids": [],
                "destination_port_range": "3389",
                "destination_port_ranges": [],
                "direction": "Inbound",
                "name": "Allow-RDP",
                "priority": 100,
                "protocol": "Tcp",
                "source_address_prefix": "",
                "source_address_prefixes": [
                  "184.162.17.138"
                ],
                "source_application_security_group_ids": [],
                "source_port_range": "*",
                "source_port_ranges": []
              },
              {
                "access": "Allow",
                "description": "",
                "destination_address_prefix": "10.10.1.4",
                "destination_address_prefixes": [],
                "destination_application_security_group_ids": [],
                "destination_port_range": "1433",
                "destination_port_ranges": [],
                "direction": "Outbound",
                "name": "AllowOutboundSQLToSQLServer",
                "priority": 100,
                "protocol": "Tcp",
                "source_address_prefix": "*",
                "source_address_prefixes": [],
                "source_application_security_group_ids": [],
                "source_port_range": "*",
                "source_port_ranges": []
              }
            ],
            "tags": {},
            "timeouts": null
          },
          "sensitive_attributes": [],
          "private": "eyJlMmJmYjczMC1lY2FhLTExZTYtOGY4OC0zNDM2M2JjN2M0YzAiOnsiY3JlYXRlIjoxODAwMDAwMDAwMDAwLCJkZWxldGUiOjE4MDAwMDAwMDAwMDAsInJlYWQiOjMwMDAwMDAwMDAwMCwidXBkYXRlIjoxODAwMDAwMDAwMDAwfX0="
        }
      ]
    },
    {
      "mode": "managed",
      "type": "azurerm_network_security_group",
      "name": "sql_nsg",
      "provider": "provider[\"registry.terraform.io/hashicorp/azurerm\"]",
      "instances": [
        {
          "schema_version": 0,
          "attributes": {
            "id": "/subscriptions/58048bb8-7fbe-431d-b28e-d5bca207fbdf/resourceGroups/EnvironTest/providers/Microsoft.Network/networkSecurityGroups/sql-nsg",
            "location": "canadacentral",
            "name": "sql-nsg",
            "resource_group_name": "EnvironTest",
            "security_rule": [],
            "tags": {},
            "timeouts": null
          },
          "sensitive_attributes": [],
          "private": "eyJlMmJmYjczMC1lY2FhLTExZTYtOGY4OC0zNDM2M2JjN2M0YzAiOnsiY3JlYXRlIjoxODAwMDAwMDAwMDAwLCJkZWxldGUiOjE4MDAwMDAwMDAwMDAsInJlYWQiOjMwMDAwMDAwMDAwMCwidXBkYXRlIjoxODAwMDAwMDAwMDAwfX0="
        }
      ]
    },
    {
      "mode": "managed",
      "type": "azurerm_network_security_rule",
      "name": "allow_rdp",
      "provider": "provider[\"registry.terraform.io/hashicorp/azurerm\"]",
      "instances": [
        {
          "schema_version": 0,
          "attributes": {
            "access": "Allow",
            "description": "",
            "destination_address_prefix": "*",
            "destination_address_prefixes": [],
            "destination_application_security_group_ids": [],
            "destination_port_range": "3389",
            "destination_port_ranges": [],
            "direction": "Inbound",
            "id": "/subscriptions/58048bb8-7fbe-431d-b28e-d5bca207fbdf/resourceGroups/EnvironTest/providers/Microsoft.Network/networkSecurityGroups/vmhead-nsg/securityRules/Allow-RDP",
            "name": "Allow-RDP",
            "network_security_group_name": "vmhead-nsg",
            "priority": 100,
            "protocol": "Tcp",
            "resource_group_name": "EnvironTest",
            "source_address_prefix": "",
            "source_address_prefixes": [
              "184.162.17.138"
            ],
            "source_application_security_group_ids": [],
            "source_port_range": "*",
            "source_port_ranges": [],
            "timeouts": null
          },
          "sensitive_attributes": [],
          "private": "eyJlMmJmYjczMC1lY2FhLTExZTYtOGY4OC0zNDM2M2JjN2M0YzAiOnsiY3JlYXRlIjoxODAwMDAwMDAwMDAwLCJkZWxldGUiOjE4MDAwMDAwMDAwMDAsInJlYWQiOjMwMDAwMDAwMDAwMCwidXBkYXRlIjoxODAwMDAwMDAwMDAwfX0=",
          "dependencies": [
            "azurerm_network_security_group.VMhead_nsg"
          ]
        }
      ]
    },
    {
      "mode": "managed",
      "type": "azurerm_network_security_rule",
      "name": "allow_sql_out",
      "provider": "provider[\"registry.terraform.io/hashicorp/azurerm\"]",
      "instances": [
        {
          "schema_version": 0,
          "attributes": {
            "access": "Allow",
            "description": "",
            "destination_address_prefix": "10.10.1.4",
            "destination_address_prefixes": [],
            "destination_application_security_group_ids": [],
            "destination_port_range": "1433",
            "destination_port_ranges": [],
            "direction": "Outbound",
            "id": "/subscriptions/58048bb8-7fbe-431d-b28e-d5bca207fbdf/resourceGroups/EnvironTest/providers/Microsoft.Network/networkSecurityGroups/vmhead-nsg/securityRules/AllowOutboundSQLToSQLServer",
            "name": "AllowOutboundSQLToSQLServer",
            "network_security_group_name": "vmhead-nsg",
            "priority": 100,
            "protocol": "Tcp",
            "resource_group_name": "EnvironTest",
            "source_address_prefix": "*",
            "source_address_prefixes": [],
            "source_application_security_group_ids": [],
            "source_port_range": "*",
            "source_port_ranges": [],
            "timeouts": null
          },
          "sensitive_attributes": [],
          "private": "eyJlMmJmYjczMC1lY2FhLTExZTYtOGY4OC0zNDM2M2JjN2M0YzAiOnsiY3JlYXRlIjoxODAwMDAwMDAwMDAwLCJkZWxldGUiOjE4MDAwMDAwMDAwMDAsInJlYWQiOjMwMDAwMDAwMDAwMCwidXBkYXRlIjoxODAwMDAwMDAwMDAwfX0=",
          "dependencies": [
            "azurerm_mssql_server.sql_server",
            "azurerm_network_security_group.VMhead_nsg",
            "azurerm_private_endpoint.sql_pe",
            "azurerm_subnet.subnet_sql",
            "azurerm_virtual_network.vnet",
            "data.azurerm_key_vault.main",
            "data.azurerm_key_vault_secret.sql_password"
          ]
        }
      ]
    },
    {
      "mode": "managed",
      "type": "azurerm_private_dns_a_record",
      "name": "sql_dns_record",
      "provider": "provider[\"registry.terraform.io/hashicorp/azurerm\"]",
      "instances": [
        {
          "schema_version": 0,
          "attributes": {
            "fqdn": "sqlserverexample123bobby.privatelink.database.windows.net.",
            "id": "/subscriptions/58048bb8-7fbe-431d-b28e-d5bca207fbdf/resourceGroups/EnvironTest/providers/Microsoft.Network/privateDnsZones/privatelink.database.windows.net/A/sqlserverexample123bobby",
            "name": "sqlserverexample123bobby",
            "records": [
              "10.10.1.4"
            ],
            "resource_group_name": "EnvironTest",
            "tags": {},
            "timeouts": null,
            "ttl": 300,
            "zone_name": "privatelink.database.windows.net"
          },
          "sensitive_attributes": [],
          "private": "eyJlMmJmYjczMC1lY2FhLTExZTYtOGY4OC0zNDM2M2JjN2M0YzAiOnsiY3JlYXRlIjoxODAwMDAwMDAwMDAwLCJkZWxldGUiOjE4MDAwMDAwMDAwMDAsInJlYWQiOjMwMDAwMDAwMDAwMCwidXBkYXRlIjoxODAwMDAwMDAwMDAwfX0=",
          "dependencies": [
            "azurerm_mssql_server.sql_server",
            "azurerm_private_dns_zone.sql_dns",
            "azurerm_private_endpoint.sql_pe",
            "azurerm_subnet.subnet_sql",
            "azurerm_virtual_network.vnet",
            "data.azurerm_key_vault.main",
            "data.azurerm_key_vault_secret.sql_password"
          ]
        }
      ]
    },
    {
      "mode": "managed",
      "type": "azurerm_private_dns_zone",
      "name": "sql_dns",
      "provider": "provider[\"registry.terraform.io/hashicorp/azurerm\"]",
      "instances": [
        {
          "schema_version": 0,
          "attributes": {
            "id": "/subscriptions/58048bb8-7fbe-431d-b28e-d5bca207fbdf/resourceGroups/EnvironTest/providers/Microsoft.Network/privateDnsZones/privatelink.database.windows.net",
            "max_number_of_record_sets": 25000,
            "max_number_of_virtual_network_links": 1000,
            "max_number_of_virtual_network_links_with_registration": 100,
            "name": "privatelink.database.windows.net",
            "number_of_record_sets": 2,
            "resource_group_name": "EnvironTest",
            "soa_record": [
              {
                "email": "azureprivatedns-host.microsoft.com",
                "expire_time": 2419200,
                "fqdn": "privatelink.database.windows.net.",
                "host_name": "azureprivatedns.net",
                "minimum_ttl": 10,
                "refresh_time": 3600,
                "retry_time": 300,
                "serial_number": 1,
                "tags": {},
                "ttl": 3600
              }
            ],
            "tags": {},
            "timeouts": null
          },
          "sensitive_attributes": [],
          "private": "eyJlMmJmYjczMC1lY2FhLTExZTYtOGY4OC0zNDM2M2JjN2M0YzAiOnsiY3JlYXRlIjoxODAwMDAwMDAwMDAwLCJkZWxldGUiOjE4MDAwMDAwMDAwMDAsInJlYWQiOjMwMDAwMDAwMDAwMCwidXBkYXRlIjoxODAwMDAwMDAwMDAwfX0="
        }
      ]
    },
    {
      "mode": "managed",
      "type": "azurerm_private_dns_zone_virtual_network_link",
      "name": "sql_dns_link",
      "provider": "provider[\"registry.terraform.io/hashicorp/azurerm\"]",
      "instances": [
        {
          "schema_version": 0,
          "attributes": {
            "id": "/subscriptions/58048bb8-7fbe-431d-b28e-d5bca207fbdf/resourceGroups/EnvironTest/providers/Microsoft.Network/privateDnsZones/privatelink.database.windows.net/virtualNetworkLinks/sql-dns-link",
            "name": "sql-dns-link",
            "private_dns_zone_name": "privatelink.database.windows.net",
            "registration_enabled": false,
            "resolution_policy": "Default",
            "resource_group_name": "EnvironTest",
            "tags": {},
            "timeouts": null,
            "virtual_network_id": "/subscriptions/58048bb8-7fbe-431d-b28e-d5bca207fbdf/resourceGroups/EnvironTest/providers/Microsoft.Network/virtualNetworks/vnet-sql"
          },
          "sensitive_attributes": [],
          "private": "eyJlMmJmYjczMC1lY2FhLTExZTYtOGY4OC0zNDM2M2JjN2M0YzAiOnsiY3JlYXRlIjoxODAwMDAwMDAwMDAwLCJkZWxldGUiOjE4MDAwMDAwMDAwMDAsInJlYWQiOjMwMDAwMDAwMDAwMCwidXBkYXRlIjoxODAwMDAwMDAwMDAwfX0=",
          "dependencies": [
            "azurerm_private_dns_zone.sql_dns",
            "azurerm_virtual_network.vnet"
          ]
        }
      ]
    },
    {
      "mode": "managed",
      "type": "azurerm_private_dns_zone_virtual_network_link",
      "name": "sql_dns_link_to_poc",
      "provider": "provider[\"registry.terraform.io/hashicorp/azurerm\"]",
      "instances": [
        {
          "schema_version": 0,
          "attributes": {
            "id": "/subscriptions/58048bb8-7fbe-431d-b28e-d5bca207fbdf/resourceGroups/EnvironTest/providers/Microsoft.Network/privateDnsZones/privatelink.database.windows.net/virtualNetworkLinks/sql-dns-link-to-poc",
            "name": "sql-dns-link-to-poc",
            "private_dns_zone_name": "privatelink.database.windows.net",
            "registration_enabled": false,
            "resolution_policy": "Default",
            "resource_group_name": "EnvironTest",
            "tags": {},
            "timeouts": null,
            "virtual_network_id": "/subscriptions/58048bb8-7fbe-431d-b28e-d5bca207fbdf/resourceGroups/EnvironTest/providers/Microsoft.Network/virtualNetworks/vnet-poc"
          },
          "sensitive_attributes": [],
          "private": "eyJlMmJmYjczMC1lY2FhLTExZTYtOGY4OC0zNDM2M2JjN2M0YzAiOnsiY3JlYXRlIjoxODAwMDAwMDAwMDAwLCJkZWxldGUiOjE4MDAwMDAwMDAwMDAsInJlYWQiOjMwMDAwMDAwMDAwMCwidXBkYXRlIjoxODAwMDAwMDAwMDAwfX0=",
          "dependencies": [
            "azurerm_private_dns_zone.sql_dns",
            "azurerm_virtual_network.Poc_vnet"
          ]
        }
      ]
    },
    {
      "mode": "managed",
      "type": "azurerm_private_endpoint",
      "name": "sql_pe",
      "provider": "provider[\"registry.terraform.io/hashicorp/azurerm\"]",
      "instances": [
        {
          "schema_version": 0,
          "attributes": {
            "custom_dns_configs": [
              {
                "fqdn": "sqlserverexample123bobby.database.windows.net",
                "ip_addresses": [
                  "10.10.1.4"
                ]
              }
            ],
            "custom_network_interface_name": "",
            "id": "/subscriptions/58048bb8-7fbe-431d-b28e-d5bca207fbdf/resourceGroups/EnvironTest/providers/Microsoft.Network/privateEndpoints/sql-private-endpoint",
            "ip_configuration": [],
            "location": "canadacentral",
            "name": "sql-private-endpoint",
            "network_interface": [
              {
                "id": "/subscriptions/58048bb8-7fbe-431d-b28e-d5bca207fbdf/resourceGroups/EnvironTest/providers/Microsoft.Network/networkInterfaces/sql-private-endpoint.nic.eab27d3f-5a22-40dc-a526-f6efbc8166c3",
                "name": "sql-private-endpoint.nic.eab27d3f-5a22-40dc-a526-f6efbc8166c3"
              }
            ],
            "private_dns_zone_configs": [],
            "private_dns_zone_group": [],
            "private_service_connection": [
              {
                "is_manual_connection": false,
                "name": "sqlpsc",
                "private_connection_resource_alias": "",
                "private_connection_resource_id": "/subscriptions/58048bb8-7fbe-431d-b28e-d5bca207fbdf/resourceGroups/EnvironTest/providers/Microsoft.Sql/servers/sqlserverexample123bobby",
                "private_ip_address": "10.10.1.4",
                "request_message": "",
                "subresource_names": [
                  "sqlServer"
                ]
              }
            ],
            "resource_group_name": "EnvironTest",
            "subnet_id": "/subscriptions/58048bb8-7fbe-431d-b28e-d5bca207fbdf/resourceGroups/EnvironTest/providers/Microsoft.Network/virtualNetworks/vnet-sql/subnets/subnet-sql",
            "tags": {},
            "timeouts": null
          },
          "sensitive_attributes": [],
          "private": "eyJlMmJmYjczMC1lY2FhLTExZTYtOGY4OC0zNDM2M2JjN2M0YzAiOnsiY3JlYXRlIjozNjAwMDAwMDAwMDAwLCJkZWxldGUiOjM2MDAwMDAwMDAwMDAsInJlYWQiOjMwMDAwMDAwMDAwMCwidXBkYXRlIjozNjAwMDAwMDAwMDAwfX0=",
          "dependencies": [
            "azurerm_mssql_server.sql_server",
            "azurerm_subnet.subnet_sql",
            "azurerm_virtual_network.vnet",
            "data.azurerm_key_vault.main",
            "data.azurerm_key_vault_secret.sql_password"
          ]
        }
      ]
    },
    {
      "mode": "managed",
      "type": "azurerm_public_ip",
      "name": "vm_ip",
      "provider": "provider[\"registry.terraform.io/hashicorp/azurerm\"]",
      "instances": [
        {
          "schema_version": 0,
          "attributes": {
            "allocation_method": "Static",
            "ddos_protection_mode": "VirtualNetworkInherited",
            "ddos_protection_plan_id": null,
            "domain_name_label": null,
            "domain_name_label_scope": null,
            "edge_zone": "",
            "fqdn": null,
            "id": "/subscriptions/58048bb8-7fbe-431d-b28e-d5bca207fbdf/resourceGroups/EnvironTest/providers/Microsoft.Network/publicIPAddresses/public-ip-vm",
            "idle_timeout_in_minutes": 4,
            "ip_address": "4.205.130.237",
            "ip_tags": null,
            "ip_version": "IPv4",
            "location": "canadacentral",
            "name": "public-ip-vm",
            "public_ip_prefix_id": null,
            "resource_group_name": "EnvironTest",
            "reverse_fqdn": null,
            "sku": "Standard",
            "sku_tier": "Regional",
            "tags": null,
            "timeouts": null,
            "zones": null
          },
          "sensitive_attributes": [],
          "private": "eyJlMmJmYjczMC1lY2FhLTExZTYtOGY4OC0zNDM2M2JjN2M0YzAiOnsiY3JlYXRlIjoxODAwMDAwMDAwMDAwLCJkZWxldGUiOjE4MDAwMDAwMDAwMDAsInJlYWQiOjMwMDAwMDAwMDAwMCwidXBkYXRlIjoxODAwMDAwMDAwMDAwfX0="
        }
      ]
    },
    {
      "mode": "managed",
      "type": "azurerm_subnet",
      "name": "subnet_sql",
      "provider": "provider[\"registry.terraform.io/hashicorp/azurerm\"]",
      "instances": [
        {
          "schema_version": 0,
          "attributes": {
            "address_prefixes": [
              "10.10.1.0/24"
            ],
            "default_outbound_access_enabled": true,
            "delegation": [],
            "id": "/subscriptions/58048bb8-7fbe-431d-b28e-d5bca207fbdf/resourceGroups/EnvironTest/providers/Microsoft.Network/virtualNetworks/vnet-sql/subnets/subnet-sql",
            "name": "subnet-sql",
            "private_endpoint_network_policies": "Disabled",
            "private_link_service_network_policies_enabled": true,
            "resource_group_name": "EnvironTest",
            "service_endpoint_policy_ids": [],
            "service_endpoints": [],
            "timeouts": null,
            "virtual_network_name": "vnet-sql"
          },
          "sensitive_attributes": [],
          "private": "eyJlMmJmYjczMC1lY2FhLTExZTYtOGY4OC0zNDM2M2JjN2M0YzAiOnsiY3JlYXRlIjoxODAwMDAwMDAwMDAwLCJkZWxldGUiOjE4MDAwMDAwMDAwMDAsInJlYWQiOjMwMDAwMDAwMDAwMCwidXBkYXRlIjoxODAwMDAwMDAwMDAwfX0=",
          "dependencies": [
            "azurerm_virtual_network.vnet"
          ]
        }
      ]
    },
    {
      "mode": "managed",
      "type": "azurerm_subnet",
      "name": "vm_subnet",
      "provider": "provider[\"registry.terraform.io/hashicorp/azurerm\"]",
      "instances": [
        {
          "schema_version": 0,
          "attributes": {
            "address_prefixes": [
              "10.0.1.0/24"
            ],
            "default_outbound_access_enabled": true,
            "delegation": [],
            "id": "/subscriptions/58048bb8-7fbe-431d-b28e-d5bca207fbdf/resourceGroups/EnvironTest/providers/Microsoft.Network/virtualNetworks/vnet-poc/subnets/subnet-vm",
            "name": "subnet-vm",
            "private_endpoint_network_policies": "Disabled",
            "private_link_service_network_policies_enabled": true,
            "resource_group_name": "EnvironTest",
            "service_endpoint_policy_ids": [],
            "service_endpoints": [],
            "timeouts": null,
            "virtual_network_name": "vnet-poc"
          },
          "sensitive_attributes": [],
          "private": "eyJlMmJmYjczMC1lY2FhLTExZTYtOGY4OC0zNDM2M2JjN2M0YzAiOnsiY3JlYXRlIjoxODAwMDAwMDAwMDAwLCJkZWxldGUiOjE4MDAwMDAwMDAwMDAsInJlYWQiOjMwMDAwMDAwMDAwMCwidXBkYXRlIjoxODAwMDAwMDAwMDAwfX0=",
          "dependencies": [
            "azurerm_virtual_network.Poc_vnet"
          ]
        }
      ]
    },
    {
      "mode": "managed",
      "type": "azurerm_subnet_network_security_group_association",
      "name": "sql_nsg_link",
      "provider": "provider[\"registry.terraform.io/hashicorp/azurerm\"]",
      "instances": [
        {
          "schema_version": 0,
          "attributes": {
            "id": "/subscriptions/58048bb8-7fbe-431d-b28e-d5bca207fbdf/resourceGroups/EnvironTest/providers/Microsoft.Network/virtualNetworks/vnet-sql/subnets/subnet-sql",
            "network_security_group_id": "/subscriptions/58048bb8-7fbe-431d-b28e-d5bca207fbdf/resourceGroups/EnvironTest/providers/Microsoft.Network/networkSecurityGroups/sql-nsg",
            "subnet_id": "/subscriptions/58048bb8-7fbe-431d-b28e-d5bca207fbdf/resourceGroups/EnvironTest/providers/Microsoft.Network/virtualNetworks/vnet-sql/subnets/subnet-sql",
            "timeouts": null
          },
          "sensitive_attributes": [],
          "private": "eyJlMmJmYjczMC1lY2FhLTExZTYtOGY4OC0zNDM2M2JjN2M0YzAiOnsiY3JlYXRlIjoxODAwMDAwMDAwMDAwLCJkZWxldGUiOjE4MDAwMDAwMDAwMDAsInJlYWQiOjMwMDAwMDAwMDAwMH19",
          "dependencies": [
            "azurerm_network_security_group.sql_nsg",
            "azurerm_subnet.subnet_sql",
            "azurerm_virtual_network.vnet"
          ]
        }
      ]
    },
    {
      "mode": "managed",
      "type": "azurerm_virtual_machine",
      "name": "VmCompute",
      "provider": "provider[\"registry.terraform.io/hashicorp/azurerm\"]",
      "instances": [
        {
          "schema_version": 0,
          "attributes": {
            "additional_capabilities": [],
            "availability_set_id": null,
            "boot_diagnostics": [],
            "delete_data_disks_on_termination": true,
            "delete_os_disk_on_termination": true,
            "id": "/subscriptions/58048bb8-7fbe-431d-b28e-d5bca207fbdf/resourceGroups/EnvironTest/providers/Microsoft.Compute/virtualMachines/VmCompute",
            "identity": [],
            "license_type": null,
            "location": "canadacentral",
            "name": "VmCompute",
            "network_interface_ids": [
              "/subscriptions/58048bb8-7fbe-431d-b28e-d5bca207fbdf/resourceGroups/EnvironTest/providers/Microsoft.Network/networkInterfaces/nic-vmcompute"
            ],
            "os_profile": [
              {
                "admin_password": "",
                "admin_username": "azureuser",
                "computer_name": "vmcompute",
                "custom_data": ""
              }
            ],
            "os_profile_linux_config": [],
            "os_profile_secrets": [],
            "os_profile_windows_config": [
              {
                "additional_unattend_config": [],
                "enable_automatic_upgrades": true,
                "provision_vm_agent": true,
                "timezone": "",
                "winrm": []
              }
            ],
            "plan": [],
            "primary_network_interface_id": null,
            "proximity_placement_group_id": null,
            "resource_group_name": "EnvironTest",
            "storage_data_disk": [
              {
                "caching": "None",
                "create_option": "Attach",
                "disk_size_gb": 128,
                "lun": 0,
                "managed_disk_id": "/subscriptions/58048bb8-7fbe-431d-b28e-d5bca207fbdf/resourceGroups/EnvironTest/providers/Microsoft.Compute/disks/VmCompute-disk1",
                "managed_disk_type": "Standard_LRS",
                "name": "VmCompute-disk1",
                "vhd_uri": "",
                "write_accelerator_enabled": false
              }
            ],
            "storage_image_reference": [
              {
                "id": "",
                "offer": "WindowsServer",
                "publisher": "MicrosoftWindowsServer",
                "sku": "2019-Datacenter",
                "version": "latest"
              }
            ],
            "storage_os_disk": [
              {
                "caching": "ReadWrite",
                "create_option": "FromImage",
                "disk_size_gb": 127,
                "image_uri": "",
                "managed_disk_id": "/subscriptions/58048bb8-7fbe-431d-b28e-d5bca207fbdf/resourceGroups/EnvironTest/providers/Microsoft.Compute/disks/VmCompute_OSDisk",
                "managed_disk_type": "Standard_LRS",
                "name": "VmCompute_OSDisk",
                "os_type": "Windows",
                "vhd_uri": "",
                "write_accelerator_enabled": false
              }
            ],
            "tags": {},
            "timeouts": null,
            "vm_size": "Standard_B1ms",
            "zones": []
          },
          "sensitive_attributes": [
            [
              {
                "type": "get_attr",
                "value": "os_profile"
              }
            ]
          ],
          "private": "eyJlMmJmYjczMC1lY2FhLTExZTYtOGY4OC0zNDM2M2JjN2M0YzAiOnsiY3JlYXRlIjozNjAwMDAwMDAwMDAwLCJkZWxldGUiOjM2MDAwMDAwMDAwMDAsInJlYWQiOjMwMDAwMDAwMDAwMCwidXBkYXRlIjozNjAwMDAwMDAwMDAwfX0=",
          "dependencies": [
            "azurerm_managed_disk.VmCompute_disk1",
            "azurerm_network_interface.vmcompute969_z1",
            "azurerm_subnet.vm_subnet",
            "azurerm_virtual_network.Poc_vnet",
            "data.azurerm_key_vault.main",
            "data.azurerm_key_vault_secret.vmcompute_password"
          ]
        }
      ]
    },
    {
      "mode": "managed",
      "type": "azurerm_virtual_machine_extension",
      "name": "install_ssms",
      "provider": "provider[\"registry.terraform.io/hashicorp/azurerm\"]",
      "instances": [
        {
          "schema_version": 0,
          "attributes": {
            "auto_upgrade_minor_version": false,
            "automatic_upgrade_enabled": false,
            "failure_suppression_enabled": false,
            "id": "/subscriptions/58048bb8-7fbe-431d-b28e-d5bca207fbdf/resourceGroups/EnvironTest/providers/Microsoft.Compute/virtualMachines/VmCompute/extensions/install-ssms",
            "name": "install-ssms",
            "protected_settings": null,
            "protected_settings_from_key_vault": [],
            "provision_after_extensions": [],
            "publisher": "Microsoft.Compute",
            "settings": "{\"commandToExecute\":\"powershell -ExecutionPolicy Unrestricted -File install-ssms.ps1\",\"fileUris\":[\"https://raw.githubusercontent.com/Bobtine/Script/main/install-ssms.ps1\"]}",
            "tags": {},
            "timeouts": null,
            "type": "CustomScriptExtension",
            "type_handler_version": "1.10",
            "virtual_machine_id": "/subscriptions/58048bb8-7fbe-431d-b28e-d5bca207fbdf/resourceGroups/EnvironTest/providers/Microsoft.Compute/virtualMachines/VmCompute"
          },
          "sensitive_attributes": [
            [
              {
                "type": "get_attr",
                "value": "protected_settings"
              }
            ]
          ],
          "private": "eyJlMmJmYjczMC1lY2FhLTExZTYtOGY4OC0zNDM2M2JjN2M0YzAiOnsiY3JlYXRlIjoxODAwMDAwMDAwMDAwLCJkZWxldGUiOjE4MDAwMDAwMDAwMDAsInJlYWQiOjMwMDAwMDAwMDAwMCwidXBkYXRlIjoxODAwMDAwMDAwMDAwfX0=",
          "dependencies": [
            "azurerm_managed_disk.VmCompute_disk1",
            "azurerm_network_interface.vmcompute969_z1",
            "azurerm_subnet.vm_subnet",
            "azurerm_virtual_machine.VmCompute",
            "azurerm_virtual_network.Poc_vnet",
            "data.azurerm_key_vault.main",
            "data.azurerm_key_vault_secret.vmcompute_password"
          ]
        }
      ]
    },
    {
      "mode": "managed",
      "type": "azurerm_virtual_network",
      "name": "Poc_vnet",
      "provider": "provider[\"registry.terraform.io/hashicorp/azurerm\"]",
      "instances": [
        {
          "schema_version": 0,
          "attributes": {
            "address_space": [
              "10.0.0.0/16"
            ],
            "bgp_community": "",
            "ddos_protection_plan": [],
            "dns_servers": [],
            "edge_zone": "",
            "encryption": [],
            "flow_timeout_in_minutes": 0,
            "guid": "5c7ad6c1-cac6-42fb-bb4d-0e6647807a1e",
            "id": "/subscriptions/58048bb8-7fbe-431d-b28e-d5bca207fbdf/resourceGroups/EnvironTest/providers/Microsoft.Network/virtualNetworks/vnet-poc",
            "ip_address_pool": [],
            "location": "canadacentral",
            "name": "vnet-poc",
            "private_endpoint_vnet_policies": "Disabled",
            "resource_group_name": "EnvironTest",
            "subnet": [
              {
                "address_prefixes": [
                  "10.0.1.0/24"
                ],
                "default_outbound_access_enabled": true,
                "delegation": [],
                "id": "/subscriptions/58048bb8-7fbe-431d-b28e-d5bca207fbdf/resourceGroups/EnvironTest/providers/Microsoft.Network/virtualNetworks/vnet-poc/subnets/subnet-vm",
                "name": "subnet-vm",
                "private_endpoint_network_policies": "Disabled",
                "private_link_service_network_policies_enabled": true,
                "route_table_id": "",
                "security_group": "",
                "service_endpoint_policy_ids": [],
                "service_endpoints": []
              }
            ],
            "tags": {},
            "timeouts": null
          },
          "sensitive_attributes": [],
          "private": "eyJlMmJmYjczMC1lY2FhLTExZTYtOGY4OC0zNDM2M2JjN2M0YzAiOnsiY3JlYXRlIjoxODAwMDAwMDAwMDAwLCJkZWxldGUiOjE4MDAwMDAwMDAwMDAsInJlYWQiOjMwMDAwMDAwMDAwMCwidXBkYXRlIjoxODAwMDAwMDAwMDAwfX0="
        }
      ]
    },
    {
      "mode": "managed",
      "type": "azurerm_virtual_network",
      "name": "vnet",
      "provider": "provider[\"registry.terraform.io/hashicorp/azurerm\"]",
      "instances": [
        {
          "schema_version": 0,
          "attributes": {
            "address_space": [
              "10.10.0.0/16"
            ],
            "bgp_community": "",
            "ddos_protection_plan": [],
            "dns_servers": [],
            "edge_zone": "",
            "encryption": [],
            "flow_timeout_in_minutes": 0,
            "guid": "dea45a64-72fa-4dea-8f8d-5bc696fd0a48",
            "id": "/subscriptions/58048bb8-7fbe-431d-b28e-d5bca207fbdf/resourceGroups/EnvironTest/providers/Microsoft.Network/virtualNetworks/vnet-sql",
            "ip_address_pool": [],
            "location": "canadacentral",
            "name": "vnet-sql",
            "private_endpoint_vnet_policies": "Disabled",
            "resource_group_name": "EnvironTest",
            "subnet": [
              {
                "address_prefixes": [
                  "10.10.1.0/24"
                ],
                "default_outbound_access_enabled": true,
                "delegation": [],
                "id": "/subscriptions/58048bb8-7fbe-431d-b28e-d5bca207fbdf/resourceGroups/EnvironTest/providers/Microsoft.Network/virtualNetworks/vnet-sql/subnets/subnet-sql",
                "name": "subnet-sql",
                "private_endpoint_network_policies": "Disabled",
                "private_link_service_network_policies_enabled": true,
                "route_table_id": "",
                "security_group": "/subscriptions/58048bb8-7fbe-431d-b28e-d5bca207fbdf/resourceGroups/EnvironTest/providers/Microsoft.Network/networkSecurityGroups/sql-nsg",
                "service_endpoint_policy_ids": [],
                "service_endpoints": []
              }
            ],
            "tags": {},
            "timeouts": null
          },
          "sensitive_attributes": [],
          "private": "eyJlMmJmYjczMC1lY2FhLTExZTYtOGY4OC0zNDM2M2JjN2M0YzAiOnsiY3JlYXRlIjoxODAwMDAwMDAwMDAwLCJkZWxldGUiOjE4MDAwMDAwMDAwMDAsInJlYWQiOjMwMDAwMDAwMDAwMCwidXBkYXRlIjoxODAwMDAwMDAwMDAwfX0="
        }
      ]
    },
    {
      "mode": "managed",
      "type": "azurerm_virtual_network_peering",
      "name": "poc_to_sql",
      "provider": "provider[\"registry.terraform.io/hashicorp/azurerm\"]",
      "instances": [
        {
          "schema_version": 0,
          "attributes": {
            "allow_forwarded_traffic": true,
            "allow_gateway_transit": false,
            "allow_virtual_network_access": true,
            "id": "/subscriptions/58048bb8-7fbe-431d-b28e-d5bca207fbdf/resourceGroups/EnvironTest/providers/Microsoft.Network/virtualNetworks/vnet-poc/virtualNetworkPeerings/poc-to-sql",
            "local_subnet_names": [],
            "name": "poc-to-sql",
            "only_ipv6_peering_enabled": false,
            "peer_complete_virtual_networks_enabled": true,
            "remote_subnet_names": [],
            "remote_virtual_network_id": "/subscriptions/58048bb8-7fbe-431d-b28e-d5bca207fbdf/resourceGroups/EnvironTest/providers/Microsoft.Network/virtualNetworks/vnet-sql",
            "resource_group_name": "EnvironTest",
            "timeouts": null,
            "triggers": null,
            "use_remote_gateways": false,
            "virtual_network_name": "vnet-poc"
          },
          "sensitive_attributes": [],
          "private": "eyJlMmJmYjczMC1lY2FhLTExZTYtOGY4OC0zNDM2M2JjN2M0YzAiOnsiY3JlYXRlIjoxODAwMDAwMDAwMDAwLCJkZWxldGUiOjE4MDAwMDAwMDAwMDAsInJlYWQiOjMwMDAwMDAwMDAwMCwidXBkYXRlIjoxODAwMDAwMDAwMDAwfX0=",
          "dependencies": [
            "azurerm_virtual_network.Poc_vnet",
            "azurerm_virtual_network.vnet"
          ]
        }
      ]
    },
    {
      "mode": "managed",
      "type": "azurerm_virtual_network_peering",
      "name": "sql_to_poc",
      "provider": "provider[\"registry.terraform.io/hashicorp/azurerm\"]",
      "instances": [
        {
          "schema_version": 0,
          "attributes": {
            "allow_forwarded_traffic": true,
            "allow_gateway_transit": false,
            "allow_virtual_network_access": true,
            "id": "/subscriptions/58048bb8-7fbe-431d-b28e-d5bca207fbdf/resourceGroups/EnvironTest/providers/Microsoft.Network/virtualNetworks/vnet-sql/virtualNetworkPeerings/sql-to-poc",
            "local_subnet_names": [],
            "name": "sql-to-poc",
            "only_ipv6_peering_enabled": false,
            "peer_complete_virtual_networks_enabled": true,
            "remote_subnet_names": [],
            "remote_virtual_network_id": "/subscriptions/58048bb8-7fbe-431d-b28e-d5bca207fbdf/resourceGroups/EnvironTest/providers/Microsoft.Network/virtualNetworks/vnet-poc",
            "resource_group_name": "EnvironTest",
            "timeouts": null,
            "triggers": null,
            "use_remote_gateways": false,
            "virtual_network_name": "vnet-sql"
          },
          "sensitive_attributes": [],
          "private": "eyJlMmJmYjczMC1lY2FhLTExZTYtOGY4OC0zNDM2M2JjN2M0YzAiOnsiY3JlYXRlIjoxODAwMDAwMDAwMDAwLCJkZWxldGUiOjE4MDAwMDAwMDAwMDAsInJlYWQiOjMwMDAwMDAwMDAwMCwidXBkYXRlIjoxODAwMDAwMDAwMDAwfX0=",
          "dependencies": [
            "azurerm_virtual_network.Poc_vnet",
            "azurerm_virtual_network.vnet"
          ]
        }
      ]
    }
  ],
  "check_results": null
}
